
Microsoft Visual Studio Solution File, Format Version 12.00
# Visual Studio 15
VisualStudioVersion = 15.0.27130.2024
MinimumVisualStudioVersion = 10.0.40219.1
Project("{FAE04EC0-301F-11D3-BF4B-00C04F79EFBC}") = "EventEngine.Policies.Application", "EventEngine.Policies.Application\EventEngine.Policies.Application.csproj", "{92990881-420D-4A17-A7FC-97D6B255DA0C}"
EndProject
Project("{2150E333-8FDC-42A3-9474-1A3956D46DE8}") = "Tests", "Tests", "{664455B0-F4A4-46F0-BCFA-29F809D63639}"
EndProject
Project("{FAE04EC0-301F-11D3-BF4B-00C04F79EFBC}") = "UnitTests", "UnitTests\UnitTests.csproj", "{9520086A-8500-4364-B733-4739A8118916}"
EndProject
Project("{FAE04EC0-301F-11D3-BF4B-00C04F79EFBC}") = "EventEngine.Policies.Console", "EventEngine.Policies.Console\EventEngine.Policies.Console.csproj", "{A4025EB2-12D6-4653-B7D6-0AD1CFFBDD63}"
EndProject
Global
	GlobalSection(SolutionConfigurationPlatforms) = preSolution
		Debug|Any CPU = Debug|Any CPU
		Release|Any CPU = Release|Any CPU
	EndGlobalSection
	GlobalSection(ProjectConfigurationPlatforms) = postSolution
		{92990881-420D-4A17-A7FC-97D6B255DA0C}.Debug|Any CPU.ActiveCfg = Debug|Any CPU
		{92990881-420D-4A17-A7FC-97D6B255DA0C}.Debug|Any CPU.Build.0 = Debug|Any CPU
		{92990881-420D-4A17-A7FC-97D6B255DA0C}.Release|Any CPU.ActiveCfg = Release|Any CPU
		{92990881-420D-4A17-A7FC-97D6B255DA0C}.Release|Any CPU.Build.0 = Release|Any CPU
		{9520086A-8500-4364-B733-4739A8118916}.Debug|Any CPU.ActiveCfg = Debug|Any CPU
		{9520086A-8500-4364-B733-4739A8118916}.Debug|Any CPU.Build.0 = Debug|Any CPU
		{9520086A-8500-4364-B733-4739A8118916}.Release|Any CPU.ActiveCfg = Release|Any CPU
		{9520086A-8500-4364-B733-4739A8118916}.Release|Any CPU.Build.0 = Release|Any CPU
		{A4025EB2-12D6-4653-B7D6-0AD1CFFBDD63}.Debug|Any CPU.ActiveCfg = Debug|Any CPU
		{A4025EB2-12D6-4653-B7D6-0AD1CFFBDD63}.Debug|Any CPU.Build.0 = Debug|Any CPU
		{A4025EB2-12D6-4653-B7D6-0AD1CFFBDD63}.Release|Any CPU.ActiveCfg = Release|Any CPU
		{A4025EB2-12D6-4653-B7D6-0AD1CFFBDD63}.Release|Any CPU.Build.0 = Release|Any CPU
	EndGlobalSection
	GlobalSection(SolutionProperties) = preSolution
		HideSolutionNode = FALSE
	EndGlobalSection
	GlobalSection(NestedProjects) = preSolution
		{9520086A-8500-4364-B733-4739A8118916} = {664455B0-F4A4-46F0-BCFA-29F809D63639}
	EndGlobalSection
	GlobalSection(ExtensibilityGlobals) = postSolution
		SolutionGuid = {BF9F833F-8992-4EB5-8CEB-7DA772D5106D}
	EndGlobalSection
EndGlobal
